// !$*UTF8*$!
{
	archiveVersion = 1;
	classes = {
	};
	objectVersion = 46;
	objects = {

/* Begin PBXBuildFile section */
		A3E474E11B0CDA9E00CDFAD8 /* main.m in Sources */ = {isa = PBXBuildFile; fileRef = A3E474E01B0CDA9E00CDFAD8 /* main.m */; };
		A3E474E41B0CDA9E00CDFAD8 /* AppDelegate.m in Sources */ = {isa = PBXBuildFile; fileRef = A3E474E31B0CDA9E00CDFAD8 /* AppDelegate.m */; };
		A3E474E71B0CDA9E00CDFAD8 /* ViewController.m in Sources */ = {isa = PBXBuildFile; fileRef = A3E474E61B0CDA9E00CDFAD8 /* ViewController.m */; };
		A3E474EA1B0CDA9E00CDFAD8 /* Main.storyboard in Resources */ = {isa = PBXBuildFile; fileRef = A3E474E81B0CDA9E00CDFAD8 /* Main.storyboard */; };
		A3E474EC1B0CDA9E00CDFAD8 /* Images.xcassets in Resources */ = {isa = PBXBuildFile; fileRef = A3E474EB1B0CDA9E00CDFAD8 /* Images.xcassets */; };
		A3E474EF1B0CDA9E00CDFAD8 /* LaunchScreen.xib in Resources */ = {isa = PBXBuildFile; fileRef = A3E474ED1B0CDA9E00CDFAD8 /* LaunchScreen.xib */; };
		A3E474FB1B0CDA9E00CDFAD8 /* PlugMeterTests.m in Sources */ = {isa = PBXBuildFile; fileRef = A3E474FA1B0CDA9E00CDFAD8 /* PlugMeterTests.m */; };
/* End PBXBuildFile section */

/* Begin PBXContainerItemProxy section */
		A3E474F51B0CDA9E00CDFAD8 /* PBXContainerItemProxy */ = {
			isa = PBXContainerItemProxy;
			containerPortal = A3E474D31B0CDA9E00CDFAD8 /* Project object */;
			proxyType = 1;
			remoteGlobalIDString = A3E474DA1B0CDA9E00CDFAD8;
			remoteInfo = PlugMeter;
		};
/* End PBXContainerItemProxy section */

/* Begin PBXFileReference section */
		A3E474DB1B0CDA9E00CDFAD8 /* PlugMeter.app */ = {isa = PBXFileReference; explicitFileType = wrapper.application; includeInIndex = 0; path = PlugMeter.app; sourceTree = BUILT_PRODUCTS_DIR; };
		A3E474DF1B0CDA9E00CDFAD8 /* Info.plist */ = {isa = PBXFileReference; lastKnownFileType = text.plist.xml; path = Info.plist; sourceTree = "<group>"; };
		A3E474E01B0CDA9E00CDFAD8 /* main.m */ = {isa = PBXFileReference; lastKnownFileType = sourcecode.c.objc; path = main.m; sourceTree = "<group>"; };
		A3E474E21B0CDA9E00CDFAD8 /* AppDelegate.h */ = {isa = PBXFileReference; lastKnownFileType = sourcecode.c.h; path = AppDelegate.h; sourceTree = "<group>"; };
		A3E474E31B0CDA9E00CDFAD8 /* AppDelegate.m */ = {isa = PBXFileReference; lastKnownFileType = sourcecode.c.objc; path = AppDelegate.m; sourceTree = "<group>"; };
		A3E474E51B0CDA9E00CDFAD8 /* ViewController.h */ = {isa = PBXFileReference; lastKnownFileType = sourcecode.c.h; path = ViewController.h; sourceTree = "<group>"; };
		A3E474E61B0CDA9E00CDFAD8 /* ViewController.m */ = {isa = PBXFileReference; lastKnownFileType = sourcecode.c.objc; path = ViewController.m; sourceTree = "<group>"; };
		A3E474E91B0CDA9E00CDFAD8 /* Base */ = {isa = PBXFileReference; lastKnownFileType = file.storyboard; name = Base; path = Base.lproj/Main.storyboard; sourceTree = "<group>"; };
		A3E474EB1B0CDA9E00CDFAD8 /* Images.xcassets */ = {isa = PBXFileReference; lastKnownFileType = folder.assetcatalog; path = Images.xcassets; sourceTree = "<group>"; };
		A3E474EE1B0CDA9E00CDFAD8 /* Base */ = {isa = PBXFileReference; lastKnownFileType = file.xib; name = Base; path = Base.lproj/LaunchScreen.xib; sourceTree = "<group>"; };
		A3E474F41B0CDA9E00CDFAD8 /* PlugMeterTests.xctest */ = {isa = PBXFileReference; explicitFileType = wrapper.cfbundle; includeInIndex = 0; path = PlugMeterTests.xctest; sourceTree = BUILT_PRODUCTS_DIR; };
		A3E474F91B0CDA9E00CDFAD8 /* Info.plist */ = {isa = PBXFileReference; lastKnownFileType = text.plist.xml; path = Info.plist; sourceTree = "<group>"; };
		A3E474FA1B0CDA9E00CDFAD8 /* PlugMeterTests.m */ = {isa = PBXFileReference; lastKnownFileType = sourcecode.c.objc; path = PlugMeterTests.m; sourceTree = "<group>"; };
/* End PBXFileReference section */

/* Begin PBXFrameworksBuildPhase section */
		A3E474D81B0CDA9E00CDFAD8 /* Frameworks */ = {
			isa = PBXFrameworksBuildPhase;
			buildActionMask = 2147483647;
			files = (
			);
			runOnlyForDeploymentPostprocessing = 0;
		};
		A3E474F11B0CDA9E00CDFAD8 /* Frameworks */ = {
			isa = PBXFrameworksBuildPhase;
			buildActionMask = 2147483647;
			files = (
			);
			runOnlyForDeploymentPostprocessing = 0;
		};
/* End PBXFrameworksBuildPhase section */

/* Begin PBXGroup section */
		A3E474D21B0CDA9E00CDFAD8 = {
			isa = PBXGroup;
			children = (
				A3E474DD1B0CDA9E00CDFAD8 /* PlugMeter */,
				A3E474F71B0CDA9E00CDFAD8 /* PlugMeterTests */,
				A3E474DC1B0CDA9E00CDFAD8 /* Products */,
			);
			sourceTree = "<group>";
		};
		A3E474DC1B0CDA9E00CDFAD8 /* Products */ = {
			isa = PBXGroup;
			children = (
				A3E474DB1B0CDA9E00CDFAD8 /* PlugMeter.app */,
				A3E474F41B0CDA9E00CDFAD8 /* PlugMeterTests.xctest */,
			);
			name = Products;
			sourceTree = "<group>";
		};
		A3E474DD1B0CDA9E00CDFAD8 /* PlugMeter */ = {
			isa = PBXGroup;
			children = (
				A3E474E21B0CDA9E00CDFAD8 /* AppDelegate.h */,
				A3E474E31B0CDA9E00CDFAD8 /* AppDelegate.m */,
				A3E474E51B0CDA9E00CDFAD8 /* ViewController.h */,
				A3E474E61B0CDA9E00CDFAD8 /* ViewController.m */,
				A3E474E81B0CDA9E00CDFAD8 /* Main.storyboard */,
				A3E474EB1B0CDA9E00CDFAD8 /* Images.xcassets */,
				A3E474ED1B0CDA9E00CDFAD8 /* LaunchScreen.xib */,
				A3E474DE1B0CDA9E00CDFAD8 /* Supporting Files */,
			);
			path = PlugMeter;
			sourceTree = "<group>";
		};
		A3E474DE1B0CDA9E00CDFAD8 /* Supporting Files */ = {
			isa = PBXGroup;
			children = (
				A3E474DF1B0CDA9E00CDFAD8 /* Info.plist */,
				A3E474E01B0CDA9E00CDFAD8 /* main.m */,
			);
			name = "Supporting Files";
			sourceTree = "<group>";
		};
		A3E474F71B0CDA9E00CDFAD8 /* PlugMeterTests */ = {
			isa = PBXGroup;
			children = (
				A3E474FA1B0CDA9E00CDFAD8 /* PlugMeterTests.m */,
				A3E474F81B0CDA9E00CDFAD8 /* Supporting Files */,
			);
			path = PlugMeterTests;
			sourceTree = "<group>";
		};
		A3E474F81B0CDA9E00CDFAD8 /* Supporting Files */ = {
			isa = PBXGroup;
			children = (
				A3E474F91B0CDA9E00CDFAD8 /* Info.plist */,
			);
			name = "Supporting Files";
			sourceTree = "<group>";
		};
/* End PBXGroup section */

/* Begin PBXNativeTarget section */
		A3E474DA1B0CDA9E00CDFAD8 /* PlugMeter */ = {
			isa = PBXNativeTarget;
			buildConfigurationList = A3E474FE1B0CDA9E00CDFAD8 /* Build configuration list for PBXNativeTarget "PlugMeter" */;
			buildPhases = (
				A3E474D71B0CDA9E00CDFAD8 /* Sources */,
				A3E474D81B0CDA9E00CDFAD8 /* Frameworks */,
				A3E474D91B0CDA9E00CDFAD8 /* Resources */,
			);
			buildRules = (
			);
			dependencies = (
			);
			name = PlugMeter;
			productName = PlugMeter;
			productReference = A3E474DB1B0CDA9E00CDFAD8 /* PlugMeter.app */;
			productType = "com.apple.product-type.application";
		};
		A3E474F31B0CDA9E00CDFAD8 /* PlugMeterTests */ = {
			isa = PBXNativeTarget;
			buildConfigurationList = A3E475011B0CDA9E00CDFAD8 /* Build configuration list for PBXNativeTarget "PlugMeterTests" */;
			buildPhases = (
				A3E474F01B0CDA9E00CDFAD8 /* Sources */,
				A3E474F11B0CDA9E00CDFAD8 /* Frameworks */,
				A3E474F21B0CDA9E00CDFAD8 /* Resources */,
			);
			buildRules = (
			);
			dependencies = (
				A3E474F61B0CDA9E00CDFAD8 /* PBXTargetDependency */,
			);
			name = PlugMeterTests;
			productName = PlugMeterTests;
			productReference = A3E474F41B0CDA9E00CDFAD8 /* PlugMeterTests.xctest */;
			productType = "com.apple.product-type.bundle.unit-test";
		};
/* End PBXNativeTarget section */

/* Begin PBXProject section */
		A3E474D31B0CDA9E00CDFAD8 /* Project object */ = {
			isa = PBXProject;
			attributes = {
				LastUpgradeCheck = 0630;
				ORGANIZATIONNAME = PlugMeter;
				TargetAttributes = {
					A3E474DA1B0CDA9E00CDFAD8 = {
						CreatedOnToolsVersion = 6.3.1;
					};
					A3E474F31B0CDA9E00CDFAD8 = {
						CreatedOnToolsVersion = 6.3.1;
						TestTargetID = A3E474DA1B0CDA9E00CDFAD8;
					};
				};
			};
			buildConfigurationList = A3E474D61B0CDA9E00CDFAD8 /* Build configuration list for PBXProject "PlugMeter" */;
			compatibilityVersion = "Xcode 3.2";
			developmentRegion = English;
			hasScannedForEncodings = 0;
			knownRegions = (
				en,
				Base,
			);
			mainGroup = A3E474D21B0CDA9E00CDFAD8;
			productRefGroup = A3E474DC1B0CDA9E00CDFAD8 /* Products */;
			projectDirPath = "";
			projectRoot = "";
			targets = (
				A3E474DA1B0CDA9E00CDFAD8 /* PlugMeter */,
				A3E474F31B0CDA9E00CDFAD8 /* PlugMeterTests */,
			);
		};
/* End PBXProject section */

/* Begin PBXResourcesBuildPhase section */
		A3E474D91B0CDA9E00CDFAD8 /* Resources */ = {
			isa = PBXResourcesBuildPhase;
			buildActionMask = 2147483647;
			files = (
				A3E474EA1B0CDA9E00CDFAD8 /* Main.storyboard in Resources */,
				A3E474EF1B0CDA9E00CDFAD8 /* LaunchScreen.xib in Resources */,
				A3E474EC1B0CDA9E00CDFAD8 /* Images.xcassets in Resources */,
			);
			runOnlyForDeploymentPostprocessing = 0;
		};
		A3E474F21B0CDA9E00CDFAD8 /* Resources */ = {
			isa = PBXResourcesBuildPhase;
			buildActionMask = 2147483647;
			files = (
			);
			runOnlyForDeploymentPostprocessing = 0;
		};
/* End PBXResourcesBuildPhase section */

/* Begin PBXSourcesBuildPhase section */
		A3E474D71B0CDA9E00CDFAD8 /* Sources */ = {
			isa = PBXSourcesBuildPhase;
			buildActionMask = 2147483647;
			files = (
				A3E474E71B0CDA9E00CDFAD8 /* ViewController.m in Sources */,
				A3E474E41B0CDA9E00CDFAD8 /* AppDelegate.m in Sources */,
				A3E474E11B0CDA9E00CDFAD8 /* main.m in Sources */,
			);
			runOnlyForDeploymentPostprocessing = 0;
		};
		A3E474F01B0CDA9E00CDFAD8 /* Sources */ = {
			isa = PBXSourcesBuildPhase;
			buildActionMask = 2147483647;
			files = (
				A3E474FB1B0CDA9E00CDFAD8 /* PlugMeterTests.m in Sources */,
			);
			runOnlyForDeploymentPostprocessing = 0;
		};
/* End PBXSourcesBuildPhase section */

/* Begin PBXTargetDependency section */
		A3E474F61B0CDA9E00CDFAD8 /* PBXTargetDependency */ = {
			isa = PBXTargetDependency;
			target = A3E474DA1B0CDA9E00CDFAD8 /* PlugMeter */;
			targetProxy = A3E474F51B0CDA9E00CDFAD8 /* PBXContainerItemProxy */;
		};
/* End PBXTargetDependency section */

/* Begin PBXVariantGroup section */
		A3E474E81B0CDA9E00CDFAD8 /* Main.storyboard */ = {
			isa = PBXVariantGroup;
			children = (
				A3E474E91B0CDA9E00CDFAD8 /* Base */,
			);
			name = Main.storyboard;
			sourceTree = "<group>";
		};
		A3E474ED1B0CDA9E00CDFAD8 /* LaunchScreen.xib */ = {
			isa = PBXVariantGroup;
			children = (
				A3E474EE1B0CDA9E00CDFAD8 /* Base */,
			);
			name = LaunchScreen.xib;
			sourceTree = "<group>";
		};
/* End PBXVariantGroup section */

/* Begin XCBuildConfiguration section */
		A3E474FC1B0CDA9E00CDFAD8 /* Debug */ = {
			isa = XCBuildConfiguration;
			buildSettings = {
				ALWAYS_SEARCH_USER_PATHS = NO;
				CLANG_CXX_LANGUAGE_STANDARD = "gnu++0x";
				CLANG_CXX_LIBRARY = "libc++";
				CLANG_ENABLE_MODULES = YES;
				CLANG_ENABLE_OBJC_ARC = YES;
				CLANG_WARN_BOOL_CONVERSION = YES;
				CLANG_WARN_CONSTANT_CONVERSION = YES;
				CLANG_WARN_DIRECT_OBJC_ISA_USAGE = YES_ERROR;
				CLANG_WARN_EMPTY_BODY = YES;
				CLANG_WARN_ENUM_CONVERSION = YES;
				CLANG_WARN_INT_CONVERSION = YES;
				CLANG_WARN_OBJC_ROOT_CLASS = YES_ERROR;
				CLANG_WARN_UNREACHABLE_CODE = YES;
				CLANG_WARN__DUPLICATE_METHOD_MATCH = YES;
				"CODE_SIGN_IDENTITY[sdk=iphoneos*]" = "iPhone Developer";
				COPY_PHASE_STRIP = NO;
				DEBUG_INFORMATION_FORMAT = "dwarf-with-dsym";
				ENABLE_STRICT_OBJC_MSGSEND = YES;
				GCC_C_LANGUAGE_STANDARD = gnu99;
				GCC_DYNAMIC_NO_PIC = NO;
				GCC_NO_COMMON_BLOCKS = YES;
				GCC_OPTIMIZATION_LEVEL = 0;
				GCC_PREPROCESSOR_DEFINITIONS = (
					"DEBUG=1",
					"$(inherited)",
				);
				GCC_SYMBOLS_PRIVATE_EXTERN = NO;
				GCC_WARN_64_TO_32_BIT_CONVERSION = YES;
				GCC_WARN_ABOUT_RETURN_TYPE = YES_ERROR;
				GCC_WARN_UNDECLARED_SELECTOR = YES;
				GCC_WARN_UNINITIALIZED_AUTOS = YES_AGGRESSIVE;
				GCC_WARN_UNUSED_FUNCTION = YES;
				GCC_WARN_UNUSED_VARIABLE = YES;
				IPHONEOS_DEPLOYMENT_TARGET = 8.3;
				MTL_ENABLE_DEBUG_INFO = YES;
				ONLY_ACTIVE_ARCH = YES;
				SDKROOT = iphoneos;
			};
			name = Debug;
		};
		A3E474FD1B0CDA9E00CDFAD8 /* Release */ = {
			isa = XCBuildConfiguration;
			buildSettings = {
				ALWAYS_SEARCH_USER_PATHS = NO;
				CLANG_CXX_LANGUAGE_STANDARD = "gnu++0x";
				CLANG_CXX_LIBRARY = "libc++";
				CLANG_ENABLE_MODULES = YES;
				CLANG_ENABLE_OBJC_ARC = YES;
				CLANG_WARN_BOOL_CONVERSION = YES;
				CLANG_WARN_CONSTANT_CONVERSION = YES;
				CLANG_WARN_DIRECT_OBJC_ISA_USAGE = YES_ERROR;
				CLANG_WARN_EMPTY_BODY = YES;
				CLANG_WARN_ENUM_CONVERSION = YES;
				CLANG_WARN_INT_CONVERSION = YES;
				CLANG_WARN_OBJC_ROOT_CLASS = YES_ERROR;
				CLANG_WARN_UNREACHABLE_CODE = YES;
				CLANG_WARN__DUPLICATE_METHOD_MATCH = YES;
				"CODE_SIGN_IDENTITY[sdk=iphoneos*]" = "iPhone Developer";
				COPY_PHASE_STRIP = NO;
				DEBUG_INFORMATION_FORMAT = "dwarf-with-dsym";
				ENABLE_NS_ASSERTIONS = NO;
				ENABLE_STRICT_OBJC_MSGSEND = YES;
				GCC_C_LANGUAGE_STANDARD = gnu99;
				GCC_NO_COMMON_BLOCKS = YES;
				GCC_WARN_64_TO_32_BIT_CONVERSION = YES;
				GCC_WARN_ABOUT_RETURN_TYPE = YES_ERROR;
				GCC_WARN_UNDECLARED_SELECTOR = YES;
				GCC_WARN_UNINITIALIZED_AUTOS = YES_AGGRESSIVE;
				GCC_WARN_UNUSED_FUNCTION = YES;
				GCC_WARN_UNUSED_VARIABLE = YES;
				IPHONEOS_DEPLOYMENT_TARGET = 8.3;
				MTL_ENABLE_DEBUG_INFO = NO;
				SDKROOT = iphoneos;
				VALIDATE_PRODUCT = YES;
			};
			name = Release;
		};
		A3E474FF1B0CDA9E00CDFAD8 /* Debug */ = {
			isa = XCBuildConfiguration;
			buildSettings = {
				ASSETCATALOG_COMPILER_APPICON_NAME = AppIcon;
				INFOPLIST_FILE = PlugMeter/Info.plist;
				LD_RUNPATH_SEARCH_PATHS = "$(inherited) @executable_path/Frameworks";
				PRODUCT_NAME = "$(TARGET_NAME)";
			};
			name = Debug;
		};
		A3E475001B0CDA9E00CDFAD8 /* Release */ = {
			isa = XCBuildConfiguration;
			buildSettings = {
				ASSETCATALOG_COMPILER_APPICON_NAME = AppIcon;
				INFOPLIST_FILE = PlugMeter/Info.plist;
				LD_RUNPATH_SEARCH_PATHS = "$(inherited) @executable_path/Frameworks";
				PRODUCT_NAME = "$(TARGET_NAME)";
			};
			name = Release;
		};
		A3E475021B0CDA9E00CDFAD8 /* Debug */ = {
			isa = XCBuildConfiguration;
			buildSettings = {
				BUNDLE_LOADER = "$(TEST_HOST)";
				FRAMEWORK_SEARCH_PATHS = (
					"$(SDKROOT)/Developer/Library/Frameworks",
					"$(inherited)",
				);
				GCC_PREPROCESSOR_DEFINITIONS = (
					"DEBUG=1",
					"$(inherited)",
				);
				INFOPLIST_FILE = PlugMeterTests/Info.plist;
				LD_RUNPATH_SEARCH_PATHS = "$(inherited) @executable_path/Frameworks @loader_path/Frameworks";
				PRODUCT_NAME = "$(TARGET_NAME)";
				TEST_HOST = "$(BUILT_PRODUCTS_DIR)/PlugMeter.app/PlugMeter";
			};
			name = Debug;
		};
		A3E475031B0CDA9E00CDFAD8 /* Release */ = {
			isa = XCBuildConfiguration;
			buildSettings = {
				BUNDLE_LOADER = "$(TEST_HOST)";
				FRAMEWORK_SEARCH_PATHS = (
					"$(SDKROOT)/Developer/Library/Frameworks",
					"$(inherited)",
				);
				INFOPLIST_FILE = PlugMeterTests/Info.plist;
				LD_RUNPATH_SEARCH_PATHS = "$(inherited) @executable_path/Frameworks @loader_path/Frameworks";
				PRODUCT_NAME = "$(TARGET_NAME)";
				TEST_HOST = "$(BUILT_PRODUCTS_DIR)/PlugMeter.app/PlugMeter";
			};
			name = Release;
		};
/* End XCBuildConfiguration section */

/* Begin XCConfigurationList section */
		A3E474D61B0CDA9E00CDFAD8 /* Build configuration list for PBXProject "PlugMeter" */ = {
			isa = XCConfigurationList;
			buildConfigurations = (
				A3E474FC1B0CDA9E00CDFAD8 /* Debug */,
				A3E474FD1B0CDA9E00CDFAD8 /* Release */,
			);
			defaultConfigurationIsVisible = 0;
			defaultConfigurationName = Release;
		};
		A3E474FE1B0CDA9E00CDFAD8 /* Build configuration list for PBXNativeTarget "PlugMeter" */ = {
			isa = XCConfigurationList;
			buildConfigurations = (
				A3E474FF1B0CDA9E00CDFAD8 /* Debug */,
				A3E475001B0CDA9E00CDFAD8 /* Release */,
			);
			defaultConfigurationIsVisible = 0;
		};
		A3E475011B0CDA9E00CDFAD8 /* Build configuration list for PBXNativeTarget "PlugMeterTests" */ = {
			isa = XCConfigurationList;
			buildConfigurations = (
				A3E475021B0CDA9E00CDFAD8 /* Debug */,
				A3E475031B0CDA9E00CDFAD8 /* Release */,
			);
			defaultConfigurationIsVisible = 0;
		};
/* End XCConfigurationList section */
	};
	rootObject = A3E474D31B0CDA9E00CDFAD8 /* Project object */;
}
